
Microsoft Visual Studio Solution File, Format Version 12.00
# Visual Studio Version 17
VisualStudioVersion = 17.10.35013.160
MinimumVisualStudioVersion = 10.0.40219.1
Project("{FAE04EC0-301F-11D3-BF4B-00C04F79EFBC}") = "AllaCookidoo", "AllaCookidoo.csproj", "{711EEAAB-2768-465E-8B83-A5AB6A79FDB6}"
EndProject
Global
	GlobalSection(SolutionConfigurationPlatforms) = preSolution
		Debug|Any CPU = Debug|Any CPU
		Release|Any CPU = Release|Any CPU
	EndGlobalSection
	GlobalSection(ProjectConfigurationPlatforms) = postSolution
		{711EEAAB-2768-465E-8B83-A5AB6A79FDB6}.Debug|Any CPU.ActiveCfg = Debug|Any CPU
		{711EEAAB-2768-465E-8B83-A5AB6A79FDB6}.Debug|Any CPU.Build.0 = Debug|Any CPU
		{711EEAAB-2768-465E-8B83-A5AB6A79FDB6}.Release|Any CPU.ActiveCfg = Release|Any CPU
		{711EEAAB-2768-465E-8B83-A5AB6A79FDB6}.Release|Any CPU.Build.0 = Release|Any CPU
	EndGlobalSection
	GlobalSection(SolutionProperties) = preSolution
		HideSolutionNode = FALSE
	EndGlobalSection
	GlobalSection(ExtensibilityGlobals) = postSolution
		SolutionGuid = {349321F3-F832-4A9A-99A9-4208A4CF4BCE}
	EndGlobalSection
EndGlobal
